
Microsoft Visual Studio Solution File, Format Version 12.00
# Visual Studio Version 16
VisualStudioVersion = 16.0.31112.23
MinimumVisualStudioVersion = 10.0.40219.1
Project("{FAE04EC0-301F-11D3-BF4B-00C04F79EFBC}") = "PerformanceTest", "PerformanceTest\PerformanceTest.csproj", "{3549FE71-422B-4AB8-809E-491380A5E52C}"
EndProject
Project("{9A19103F-16F7-4668-BE54-9A1E7A4F7556}") = "ChemistryLibrary", "ChemistryLibrary\ChemistryLibrary.csproj", "{FC3C20CD-BC5C-4C63-AB00-C65B034D10BB}"
EndProject
Project("{9A19103F-16F7-4668-BE54-9A1E7A4F7556}") = "MoleculeViewer", "MoleculeViewer\MoleculeViewer.csproj", "{07EEAA45-49D0-4915-9104-531F1745BA64}"
EndProject
Project("{9A19103F-16F7-4668-BE54-9A1E7A4F7556}") = "ChemistryLibraryTest", "ChemistryLibraryTest\ChemistryLibraryTest.csproj", "{545EB356-3701-48BD-B9A6-2F429DE6162D}"
EndProject
Project("{9A19103F-16F7-4668-BE54-9A1E7A4F7556}") = "Studies", "Studies\Studies.csproj", "{73032AAF-A48E-4138-8B83-D56E56EDF0D9}"
EndProject
Project("{9A19103F-16F7-4668-BE54-9A1E7A4F7556}") = "Tools", "Tools\Tools.csproj", "{4ACC45E6-55ED-4D6C-B4E1-A7C79C227088}"
EndProject
Global
	GlobalSection(SolutionConfigurationPlatforms) = preSolution
		Debug|Any CPU = Debug|Any CPU
		Release|Any CPU = Release|Any CPU
	EndGlobalSection
	GlobalSection(ProjectConfigurationPlatforms) = postSolution
		{3549FE71-422B-4AB8-809E-491380A5E52C}.Debug|Any CPU.ActiveCfg = Debug|Any CPU
		{3549FE71-422B-4AB8-809E-491380A5E52C}.Debug|Any CPU.Build.0 = Debug|Any CPU
		{3549FE71-422B-4AB8-809E-491380A5E52C}.Release|Any CPU.ActiveCfg = Release|Any CPU
		{3549FE71-422B-4AB8-809E-491380A5E52C}.Release|Any CPU.Build.0 = Release|Any CPU
		{FC3C20CD-BC5C-4C63-AB00-C65B034D10BB}.Debug|Any CPU.ActiveCfg = Debug|Any CPU
		{FC3C20CD-BC5C-4C63-AB00-C65B034D10BB}.Debug|Any CPU.Build.0 = Debug|Any CPU
		{FC3C20CD-BC5C-4C63-AB00-C65B034D10BB}.Release|Any CPU.ActiveCfg = Release|Any CPU
		{FC3C20CD-BC5C-4C63-AB00-C65B034D10BB}.Release|Any CPU.Build.0 = Release|Any CPU
		{07EEAA45-49D0-4915-9104-531F1745BA64}.Debug|Any CPU.ActiveCfg = Debug|Any CPU
		{07EEAA45-49D0-4915-9104-531F1745BA64}.Debug|Any CPU.Build.0 = Debug|Any CPU
		{07EEAA45-49D0-4915-9104-531F1745BA64}.Release|Any CPU.ActiveCfg = Release|Any CPU
		{07EEAA45-49D0-4915-9104-531F1745BA64}.Release|Any CPU.Build.0 = Release|Any CPU
		{545EB356-3701-48BD-B9A6-2F429DE6162D}.Debug|Any CPU.ActiveCfg = Debug|Any CPU
		{545EB356-3701-48BD-B9A6-2F429DE6162D}.Debug|Any CPU.Build.0 = Debug|Any CPU
		{545EB356-3701-48BD-B9A6-2F429DE6162D}.Release|Any CPU.ActiveCfg = Release|Any CPU
		{545EB356-3701-48BD-B9A6-2F429DE6162D}.Release|Any CPU.Build.0 = Release|Any CPU
		{73032AAF-A48E-4138-8B83-D56E56EDF0D9}.Debug|Any CPU.ActiveCfg = Debug|Any CPU
		{73032AAF-A48E-4138-8B83-D56E56EDF0D9}.Debug|Any CPU.Build.0 = Debug|Any CPU
		{73032AAF-A48E-4138-8B83-D56E56EDF0D9}.Release|Any CPU.ActiveCfg = Release|Any CPU
		{73032AAF-A48E-4138-8B83-D56E56EDF0D9}.Release|Any CPU.Build.0 = Release|Any CPU
		{4ACC45E6-55ED-4D6C-B4E1-A7C79C227088}.Debug|Any CPU.ActiveCfg = Debug|Any CPU
		{4ACC45E6-55ED-4D6C-B4E1-A7C79C227088}.Debug|Any CPU.Build.0 = Debug|Any CPU
		{4ACC45E6-55ED-4D6C-B4E1-A7C79C227088}.Release|Any CPU.ActiveCfg = Release|Any CPU
		{4ACC45E6-55ED-4D6C-B4E1-A7C79C227088}.Release|Any CPU.Build.0 = Release|Any CPU
	EndGlobalSection
	GlobalSection(SolutionProperties) = preSolution
		HideSolutionNode = FALSE
	EndGlobalSection
	GlobalSection(ExtensibilityGlobals) = postSolution
		SolutionGuid = {BCE4E0E7-39B7-42EF-9943-829038E1A137}
	EndGlobalSection
EndGlobal
