
Microsoft Visual Studio Solution File, Format Version 12.00
# Visual Studio 14
VisualStudioVersion = 14.0.25123.0
MinimumVisualStudioVersion = 10.0.40219.1
Project("{FAE04EC0-301F-11D3-BF4B-00C04F79EFBC}") = "SequenceAnalysis", "SequenceAnalysis\SequenceAnalysis.csproj", "{0FF51782-DB60-4A66-AA42-83C095F292FF}"
EndProject
Project("{FAE04EC0-301F-11D3-BF4B-00C04F79EFBC}") = "ChromosomeImageGenerator", "ChromosomeImageGenerator\ChromosomeImageGenerator.csproj", "{B375B1E6-B286-4B56-814D-8919D4100DE9}"
EndProject
Project("{FAE04EC0-301F-11D3-BF4B-00C04F79EFBC}") = "PeptideAligner", "PeptideAligner\PeptideAligner.csproj", "{F4E81D40-64A1-4A88-9A85-9C61C96CB09E}"
EndProject
Project("{FAE04EC0-301F-11D3-BF4B-00C04F79EFBC}") = "Commons", "Commons\Commons.csproj", "{D0E6B038-C939-487D-BB5E-A6270A0D18F5}"
EndProject
Project("{FAE04EC0-301F-11D3-BF4B-00C04F79EFBC}") = "ExonBoundaryDataExtractor", "ExonBoundaryDataExtractor\ExonBoundaryDataExtractor.csproj", "{C4CF9680-A1C1-4391-BF02-0F3D7D3F1066}"
EndProject
Project("{FAE04EC0-301F-11D3-BF4B-00C04F79EFBC}") = "NucleotideSequenceToDataSet", "NucleotideSequenceToDataSet\NucleotideSequenceToDataSet.csproj", "{3E01CA02-0E29-46DC-9639-9485E2F48B05}"
EndProject
Project("{FAE04EC0-301F-11D3-BF4B-00C04F79EFBC}") = "Domain", "Domain\Domain.csproj", "{4708C272-3B30-4E50-A16B-479B49B095E1}"
EndProject
Project("{FAE04EC0-301F-11D3-BF4B-00C04F79EFBC}") = "ChromosomeRBMTraining", "ChromosomeRBMTraining\ChromosomeRBMTraining.csproj", "{DD0BFA09-95F0-4CD5-AA55-B3B607F7D5A9}"
EndProject
Project("{FAE04EC0-301F-11D3-BF4B-00C04F79EFBC}") = "CommonsTest", "CommonsTest\CommonsTest.csproj", "{07B37D93-4294-43FC-85ED-194330A5E280}"
EndProject
Project("{FAE04EC0-301F-11D3-BF4B-00C04F79EFBC}") = "PerformanceTest", "PerformanceTest\PerformanceTest.csproj", "{3549FE71-422B-4AB8-809E-491380A5E52C}"
EndProject
Project("{FAE04EC0-301F-11D3-BF4B-00C04F79EFBC}") = "ChemistryLibrary", "ChemistryLibrary\ChemistryLibrary.csproj", "{FC3C20CD-BC5C-4C63-AB00-C65B034D10BB}"
EndProject
Project("{FAE04EC0-301F-11D3-BF4B-00C04F79EFBC}") = "MoleculeViewer", "MoleculeViewer\MoleculeViewer.csproj", "{07EEAA45-49D0-4915-9104-531F1745BA64}"
EndProject
Project("{FAE04EC0-301F-11D3-BF4B-00C04F79EFBC}") = "ChemistryLibraryTest", "ChemistryLibraryTest\ChemistryLibraryTest.csproj", "{545EB356-3701-48BD-B9A6-2F429DE6162D}"
EndProject
Project("{FAE04EC0-301F-11D3-BF4B-00C04F79EFBC}") = "Studies", "Studies\Studies.csproj", "{73032AAF-A48E-4138-8B83-D56E56EDF0D9}"
EndProject
Project("{FAE04EC0-301F-11D3-BF4B-00C04F79EFBC}") = "Tools", "Tools\Tools.csproj", "{4ACC45E6-55ED-4D6C-B4E1-A7C79C227088}"
EndProject
Global
	GlobalSection(SolutionConfigurationPlatforms) = preSolution
		Debug|Any CPU = Debug|Any CPU
		Release|Any CPU = Release|Any CPU
	EndGlobalSection
	GlobalSection(ProjectConfigurationPlatforms) = postSolution
		{0FF51782-DB60-4A66-AA42-83C095F292FF}.Debug|Any CPU.ActiveCfg = Debug|Any CPU
		{0FF51782-DB60-4A66-AA42-83C095F292FF}.Debug|Any CPU.Build.0 = Debug|Any CPU
		{0FF51782-DB60-4A66-AA42-83C095F292FF}.Release|Any CPU.ActiveCfg = Release|Any CPU
		{0FF51782-DB60-4A66-AA42-83C095F292FF}.Release|Any CPU.Build.0 = Release|Any CPU
		{B375B1E6-B286-4B56-814D-8919D4100DE9}.Debug|Any CPU.ActiveCfg = Debug|Any CPU
		{B375B1E6-B286-4B56-814D-8919D4100DE9}.Debug|Any CPU.Build.0 = Debug|Any CPU
		{B375B1E6-B286-4B56-814D-8919D4100DE9}.Release|Any CPU.ActiveCfg = Release|Any CPU
		{B375B1E6-B286-4B56-814D-8919D4100DE9}.Release|Any CPU.Build.0 = Release|Any CPU
		{F4E81D40-64A1-4A88-9A85-9C61C96CB09E}.Debug|Any CPU.ActiveCfg = Debug|Any CPU
		{F4E81D40-64A1-4A88-9A85-9C61C96CB09E}.Debug|Any CPU.Build.0 = Debug|Any CPU
		{F4E81D40-64A1-4A88-9A85-9C61C96CB09E}.Release|Any CPU.ActiveCfg = Release|Any CPU
		{F4E81D40-64A1-4A88-9A85-9C61C96CB09E}.Release|Any CPU.Build.0 = Release|Any CPU
		{D0E6B038-C939-487D-BB5E-A6270A0D18F5}.Debug|Any CPU.ActiveCfg = Debug|Any CPU
		{D0E6B038-C939-487D-BB5E-A6270A0D18F5}.Debug|Any CPU.Build.0 = Debug|Any CPU
		{D0E6B038-C939-487D-BB5E-A6270A0D18F5}.Release|Any CPU.ActiveCfg = Release|Any CPU
		{D0E6B038-C939-487D-BB5E-A6270A0D18F5}.Release|Any CPU.Build.0 = Release|Any CPU
		{C4CF9680-A1C1-4391-BF02-0F3D7D3F1066}.Debug|Any CPU.ActiveCfg = Debug|Any CPU
		{C4CF9680-A1C1-4391-BF02-0F3D7D3F1066}.Debug|Any CPU.Build.0 = Debug|Any CPU
		{C4CF9680-A1C1-4391-BF02-0F3D7D3F1066}.Release|Any CPU.ActiveCfg = Release|Any CPU
		{C4CF9680-A1C1-4391-BF02-0F3D7D3F1066}.Release|Any CPU.Build.0 = Release|Any CPU
		{3E01CA02-0E29-46DC-9639-9485E2F48B05}.Debug|Any CPU.ActiveCfg = Debug|Any CPU
		{3E01CA02-0E29-46DC-9639-9485E2F48B05}.Debug|Any CPU.Build.0 = Debug|Any CPU
		{3E01CA02-0E29-46DC-9639-9485E2F48B05}.Release|Any CPU.ActiveCfg = Release|Any CPU
		{3E01CA02-0E29-46DC-9639-9485E2F48B05}.Release|Any CPU.Build.0 = Release|Any CPU
		{4708C272-3B30-4E50-A16B-479B49B095E1}.Debug|Any CPU.ActiveCfg = Debug|Any CPU
		{4708C272-3B30-4E50-A16B-479B49B095E1}.Debug|Any CPU.Build.0 = Debug|Any CPU
		{4708C272-3B30-4E50-A16B-479B49B095E1}.Release|Any CPU.ActiveCfg = Release|Any CPU
		{4708C272-3B30-4E50-A16B-479B49B095E1}.Release|Any CPU.Build.0 = Release|Any CPU
		{DD0BFA09-95F0-4CD5-AA55-B3B607F7D5A9}.Debug|Any CPU.ActiveCfg = Debug|Any CPU
		{DD0BFA09-95F0-4CD5-AA55-B3B607F7D5A9}.Debug|Any CPU.Build.0 = Debug|Any CPU
		{DD0BFA09-95F0-4CD5-AA55-B3B607F7D5A9}.Release|Any CPU.ActiveCfg = Release|Any CPU
		{DD0BFA09-95F0-4CD5-AA55-B3B607F7D5A9}.Release|Any CPU.Build.0 = Release|Any CPU
		{07B37D93-4294-43FC-85ED-194330A5E280}.Debug|Any CPU.ActiveCfg = Debug|Any CPU
		{07B37D93-4294-43FC-85ED-194330A5E280}.Debug|Any CPU.Build.0 = Debug|Any CPU
		{07B37D93-4294-43FC-85ED-194330A5E280}.Release|Any CPU.ActiveCfg = Release|Any CPU
		{07B37D93-4294-43FC-85ED-194330A5E280}.Release|Any CPU.Build.0 = Release|Any CPU
		{3549FE71-422B-4AB8-809E-491380A5E52C}.Debug|Any CPU.ActiveCfg = Debug|Any CPU
		{3549FE71-422B-4AB8-809E-491380A5E52C}.Debug|Any CPU.Build.0 = Debug|Any CPU
		{3549FE71-422B-4AB8-809E-491380A5E52C}.Release|Any CPU.ActiveCfg = Release|Any CPU
		{3549FE71-422B-4AB8-809E-491380A5E52C}.Release|Any CPU.Build.0 = Release|Any CPU
		{FC3C20CD-BC5C-4C63-AB00-C65B034D10BB}.Debug|Any CPU.ActiveCfg = Debug|Any CPU
		{FC3C20CD-BC5C-4C63-AB00-C65B034D10BB}.Debug|Any CPU.Build.0 = Debug|Any CPU
		{FC3C20CD-BC5C-4C63-AB00-C65B034D10BB}.Release|Any CPU.ActiveCfg = Release|Any CPU
		{FC3C20CD-BC5C-4C63-AB00-C65B034D10BB}.Release|Any CPU.Build.0 = Release|Any CPU
		{07EEAA45-49D0-4915-9104-531F1745BA64}.Debug|Any CPU.ActiveCfg = Debug|Any CPU
		{07EEAA45-49D0-4915-9104-531F1745BA64}.Debug|Any CPU.Build.0 = Debug|Any CPU
		{07EEAA45-49D0-4915-9104-531F1745BA64}.Release|Any CPU.ActiveCfg = Release|Any CPU
		{07EEAA45-49D0-4915-9104-531F1745BA64}.Release|Any CPU.Build.0 = Release|Any CPU
		{545EB356-3701-48BD-B9A6-2F429DE6162D}.Debug|Any CPU.ActiveCfg = Debug|Any CPU
		{545EB356-3701-48BD-B9A6-2F429DE6162D}.Debug|Any CPU.Build.0 = Debug|Any CPU
		{545EB356-3701-48BD-B9A6-2F429DE6162D}.Release|Any CPU.ActiveCfg = Release|Any CPU
		{545EB356-3701-48BD-B9A6-2F429DE6162D}.Release|Any CPU.Build.0 = Release|Any CPU
		{73032AAF-A48E-4138-8B83-D56E56EDF0D9}.Debug|Any CPU.ActiveCfg = Debug|Any CPU
		{73032AAF-A48E-4138-8B83-D56E56EDF0D9}.Debug|Any CPU.Build.0 = Debug|Any CPU
		{73032AAF-A48E-4138-8B83-D56E56EDF0D9}.Release|Any CPU.ActiveCfg = Release|Any CPU
		{73032AAF-A48E-4138-8B83-D56E56EDF0D9}.Release|Any CPU.Build.0 = Release|Any CPU
		{4ACC45E6-55ED-4D6C-B4E1-A7C79C227088}.Debug|Any CPU.ActiveCfg = Debug|Any CPU
		{4ACC45E6-55ED-4D6C-B4E1-A7C79C227088}.Debug|Any CPU.Build.0 = Debug|Any CPU
		{4ACC45E6-55ED-4D6C-B4E1-A7C79C227088}.Release|Any CPU.ActiveCfg = Release|Any CPU
		{4ACC45E6-55ED-4D6C-B4E1-A7C79C227088}.Release|Any CPU.Build.0 = Release|Any CPU
	EndGlobalSection
	GlobalSection(SolutionProperties) = preSolution
		HideSolutionNode = FALSE
	EndGlobalSection
EndGlobal
